
Microsoft Visual Studio Solution File, Format Version 12.00
# Visual Studio Version 17
VisualStudioVersion = 17.9.34714.143
MinimumVisualStudioVersion = 10.0.40219.1
Project("{FAE04EC0-301F-11D3-BF4B-00C04F79EFBC}") = "LAB3_2D_PICTURES", "LAB3_2D_PICTURES\LAB3_2D_PICTURES.csproj", "{DE5922DA-DE3F-46DF-9A2B-E01A566823FD}"
EndProject
Global
	GlobalSection(SolutionConfigurationPlatforms) = preSolution
		Debug|Any CPU = Debug|Any CPU
		Release|Any CPU = Release|Any CPU
	EndGlobalSection
	GlobalSection(ProjectConfigurationPlatforms) = postSolution
		{DE5922DA-DE3F-46DF-9A2B-E01A566823FD}.Debug|Any CPU.ActiveCfg = Debug|Any CPU
		{DE5922DA-DE3F-46DF-9A2B-E01A566823FD}.Debug|Any CPU.Build.0 = Debug|Any CPU
		{DE5922DA-DE3F-46DF-9A2B-E01A566823FD}.Release|Any CPU.ActiveCfg = Release|Any CPU
		{DE5922DA-DE3F-46DF-9A2B-E01A566823FD}.Release|Any CPU.Build.0 = Release|Any CPU
	EndGlobalSection
	GlobalSection(SolutionProperties) = preSolution
		HideSolutionNode = FALSE
	EndGlobalSection
	GlobalSection(ExtensibilityGlobals) = postSolution
		SolutionGuid = {6E5874C5-98D9-497E-855E-417402FC4F0B}
	EndGlobalSection
EndGlobal
